
Microsoft Visual Studio Solution File, Format Version 12.00
# Visual Studio Version 16
VisualStudioVersion = 16.0.29020.237
MinimumVisualStudioVersion = 10.0.40219.1
Project("{FAE04EC0-301F-11D3-BF4B-00C04F79EFBC}") = "Xreddit.Android", "Xreddit\Xreddit.Android\Xreddit.Android.csproj", "{F03FBAB8-2455-4363-996A-C0B533D67297}"
EndProject
Project("{FAE04EC0-301F-11D3-BF4B-00C04F79EFBC}") = "Xreddit.iOS", "Xreddit\Xreddit.iOS\Xreddit.iOS.csproj", "{0C64893F-E9DF-43DB-B23D-095B8FAB04C7}"
EndProject
Project("{FAE04EC0-301F-11D3-BF4B-00C04F79EFBC}") = "Xreddit", "Xreddit\Xreddit\Xreddit.csproj", "{9FDAD4CE-36C6-4AAF-928D-251A594173BC}"
EndProject
Global
	GlobalSection(SolutionConfigurationPlatforms) = preSolution
		Debug|Any CPU = Debug|Any CPU
		Debug|iPhone = Debug|iPhone
		Debug|iPhoneSimulator = Debug|iPhoneSimulator
		Release|Any CPU = Release|Any CPU
		Release|iPhone = Release|iPhone
		Release|iPhoneSimulator = Release|iPhoneSimulator
	EndGlobalSection
	GlobalSection(ProjectConfigurationPlatforms) = postSolution
		{F03FBAB8-2455-4363-996A-C0B533D67297}.Debug|Any CPU.ActiveCfg = Debug|Any CPU
		{F03FBAB8-2455-4363-996A-C0B533D67297}.Debug|Any CPU.Build.0 = Debug|Any CPU
		{F03FBAB8-2455-4363-996A-C0B533D67297}.Debug|Any CPU.Deploy.0 = Debug|Any CPU
		{F03FBAB8-2455-4363-996A-C0B533D67297}.Debug|iPhone.ActiveCfg = Debug|Any CPU
		{F03FBAB8-2455-4363-996A-C0B533D67297}.Debug|iPhone.Build.0 = Debug|Any CPU
		{F03FBAB8-2455-4363-996A-C0B533D67297}.Debug|iPhone.Deploy.0 = Debug|Any CPU
		{F03FBAB8-2455-4363-996A-C0B533D67297}.Debug|iPhoneSimulator.ActiveCfg = Debug|Any CPU
		{F03FBAB8-2455-4363-996A-C0B533D67297}.Debug|iPhoneSimulator.Build.0 = Debug|Any CPU
		{F03FBAB8-2455-4363-996A-C0B533D67297}.Debug|iPhoneSimulator.Deploy.0 = Debug|Any CPU
		{F03FBAB8-2455-4363-996A-C0B533D67297}.Release|Any CPU.ActiveCfg = Release|Any CPU
		{F03FBAB8-2455-4363-996A-C0B533D67297}.Release|Any CPU.Build.0 = Release|Any CPU
		{F03FBAB8-2455-4363-996A-C0B533D67297}.Release|Any CPU.Deploy.0 = Release|Any CPU
		{F03FBAB8-2455-4363-996A-C0B533D67297}.Release|iPhone.ActiveCfg = Release|Any CPU
		{F03FBAB8-2455-4363-996A-C0B533D67297}.Release|iPhone.Build.0 = Release|Any CPU
		{F03FBAB8-2455-4363-996A-C0B533D67297}.Release|iPhone.Deploy.0 = Release|Any CPU
		{F03FBAB8-2455-4363-996A-C0B533D67297}.Release|iPhoneSimulator.ActiveCfg = Release|Any CPU
		{F03FBAB8-2455-4363-996A-C0B533D67297}.Release|iPhoneSimulator.Build.0 = Release|Any CPU
		{F03FBAB8-2455-4363-996A-C0B533D67297}.Release|iPhoneSimulator.Deploy.0 = Release|Any CPU
		{0C64893F-E9DF-43DB-B23D-095B8FAB04C7}.Debug|Any CPU.ActiveCfg = Debug|iPhoneSimulator
		{0C64893F-E9DF-43DB-B23D-095B8FAB04C7}.Debug|Any CPU.Build.0 = Debug|iPhoneSimulator
		{0C64893F-E9DF-43DB-B23D-095B8FAB04C7}.Debug|Any CPU.Deploy.0 = Debug|iPhoneSimulator
		{0C64893F-E9DF-43DB-B23D-095B8FAB04C7}.Debug|iPhone.ActiveCfg = Debug|iPhone
		{0C64893F-E9DF-43DB-B23D-095B8FAB04C7}.Debug|iPhone.Build.0 = Debug|iPhone
		{0C64893F-E9DF-43DB-B23D-095B8FAB04C7}.Debug|iPhone.Deploy.0 = Debug|iPhone
		{0C64893F-E9DF-43DB-B23D-095B8FAB04C7}.Debug|iPhoneSimulator.ActiveCfg = Debug|iPhoneSimulator
		{0C64893F-E9DF-43DB-B23D-095B8FAB04C7}.Debug|iPhoneSimulator.Build.0 = Debug|iPhoneSimulator
		{0C64893F-E9DF-43DB-B23D-095B8FAB04C7}.Debug|iPhoneSimulator.Deploy.0 = Debug|iPhoneSimulator
		{0C64893F-E9DF-43DB-B23D-095B8FAB04C7}.Release|Any CPU.ActiveCfg = Release|iPhone
		{0C64893F-E9DF-43DB-B23D-095B8FAB04C7}.Release|Any CPU.Build.0 = Release|iPhone
		{0C64893F-E9DF-43DB-B23D-095B8FAB04C7}.Release|Any CPU.Deploy.0 = Release|iPhone
		{0C64893F-E9DF-43DB-B23D-095B8FAB04C7}.Release|iPhone.ActiveCfg = Release|iPhone
		{0C64893F-E9DF-43DB-B23D-095B8FAB04C7}.Release|iPhone.Build.0 = Release|iPhone
		{0C64893F-E9DF-43DB-B23D-095B8FAB04C7}.Release|iPhone.Deploy.0 = Release|iPhone
		{0C64893F-E9DF-43DB-B23D-095B8FAB04C7}.Release|iPhoneSimulator.ActiveCfg = Release|iPhoneSimulator
		{0C64893F-E9DF-43DB-B23D-095B8FAB04C7}.Release|iPhoneSimulator.Build.0 = Release|iPhoneSimulator
		{0C64893F-E9DF-43DB-B23D-095B8FAB04C7}.Release|iPhoneSimulator.Deploy.0 = Release|iPhoneSimulator
		{9FDAD4CE-36C6-4AAF-928D-251A594173BC}.Debug|Any CPU.ActiveCfg = Debug|Any CPU
		{9FDAD4CE-36C6-4AAF-928D-251A594173BC}.Debug|Any CPU.Build.0 = Debug|Any CPU
		{9FDAD4CE-36C6-4AAF-928D-251A594173BC}.Debug|Any CPU.Deploy.0 = Debug|Any CPU
		{9FDAD4CE-36C6-4AAF-928D-251A594173BC}.Debug|iPhone.ActiveCfg = Debug|Any CPU
		{9FDAD4CE-36C6-4AAF-928D-251A594173BC}.Debug|iPhone.Build.0 = Debug|Any CPU
		{9FDAD4CE-36C6-4AAF-928D-251A594173BC}.Debug|iPhone.Deploy.0 = Debug|Any CPU
		{9FDAD4CE-36C6-4AAF-928D-251A594173BC}.Debug|iPhoneSimulator.ActiveCfg = Debug|Any CPU
		{9FDAD4CE-36C6-4AAF-928D-251A594173BC}.Debug|iPhoneSimulator.Build.0 = Debug|Any CPU
		{9FDAD4CE-36C6-4AAF-928D-251A594173BC}.Debug|iPhoneSimulator.Deploy.0 = Debug|Any CPU
		{9FDAD4CE-36C6-4AAF-928D-251A594173BC}.Release|Any CPU.ActiveCfg = Release|Any CPU
		{9FDAD4CE-36C6-4AAF-928D-251A594173BC}.Release|Any CPU.Build.0 = Release|Any CPU
		{9FDAD4CE-36C6-4AAF-928D-251A594173BC}.Release|Any CPU.Deploy.0 = Release|Any CPU
		{9FDAD4CE-36C6-4AAF-928D-251A594173BC}.Release|iPhone.ActiveCfg = Release|Any CPU
		{9FDAD4CE-36C6-4AAF-928D-251A594173BC}.Release|iPhone.Build.0 = Release|Any CPU
		{9FDAD4CE-36C6-4AAF-928D-251A594173BC}.Release|iPhone.Deploy.0 = Release|Any CPU
		{9FDAD4CE-36C6-4AAF-928D-251A594173BC}.Release|iPhoneSimulator.ActiveCfg = Release|Any CPU
		{9FDAD4CE-36C6-4AAF-928D-251A594173BC}.Release|iPhoneSimulator.Build.0 = Release|Any CPU
		{9FDAD4CE-36C6-4AAF-928D-251A594173BC}.Release|iPhoneSimulator.Deploy.0 = Release|Any CPU
	EndGlobalSection
	GlobalSection(SolutionProperties) = preSolution
		HideSolutionNode = FALSE
	EndGlobalSection
	GlobalSection(ExtensibilityGlobals) = postSolution
		SolutionGuid = {A1308D21-3BD3-4653-B1DE-C12BF15D8DB8}
	EndGlobalSection
EndGlobal
